
Microsoft Visual Studio Solution File, Format Version 12.00
# Visual Studio Version 16
VisualStudioVersion = 16.0.30907.101
MinimumVisualStudioVersion = 10.0.40219.1
Project("{9A19103F-16F7-4668-BE54-9A1E7A4F7556}") = "Quicker.Service", "Quicker\Quicker.Service.csproj", "{B56D162A-5016-429B-8BBC-9971B9CA306E}"
EndProject
Project("{9A19103F-16F7-4668-BE54-9A1E7A4F7556}") = "Quicker.Service.Test", "Service.Test\Quicker.Service.Test.csproj", "{92F37053-FE94-4FA8-BFEC-A6AB3B4F9034}"
EndProject
Project("{9A19103F-16F7-4668-BE54-9A1E7A4F7556}") = "Quicker.Controller", "Quicker.Controller\Quicker.Controller.csproj", "{CE2B7FA6-83F0-43A3-A0F0-BD52B5E990AC}"
EndProject
Project("{2150E333-8FDC-42A3-9474-1A3956D46DE8}") = "Test", "Test", "{81314912-07BA-415D-936A-971CEDCA9697}"
EndProject
Project("{9A19103F-16F7-4668-BE54-9A1E7A4F7556}") = "Quicker.Controller.Test", "XUnitTestProject1\Quicker.Controller.Test.csproj", "{B986FDC3-0BF4-4425-BAA0-F0A04CD37412}"
EndProject
Project("{9A19103F-16F7-4668-BE54-9A1E7A4F7556}") = "Test.Common", "ClassLibrary1\Test.Common.csproj", "{5273753F-DF1C-4086-8D78-188D236A9F10}"
EndProject
Project("{FAE04EC0-301F-11D3-BF4B-00C04F79EFBC}") = "Quicker.Integration.Test", "Quicker.Integration.Test\Quicker.Integration.Test.csproj", "{7A4FF440-FBF1-4536-802F-A4422F3A0336}"
EndProject
Global
	GlobalSection(SolutionConfigurationPlatforms) = preSolution
		Debug|Any CPU = Debug|Any CPU
		Release|Any CPU = Release|Any CPU
	EndGlobalSection
	GlobalSection(ProjectConfigurationPlatforms) = postSolution
		{B56D162A-5016-429B-8BBC-9971B9CA306E}.Debug|Any CPU.ActiveCfg = Debug|Any CPU
		{B56D162A-5016-429B-8BBC-9971B9CA306E}.Debug|Any CPU.Build.0 = Debug|Any CPU
		{B56D162A-5016-429B-8BBC-9971B9CA306E}.Release|Any CPU.ActiveCfg = Release|Any CPU
		{B56D162A-5016-429B-8BBC-9971B9CA306E}.Release|Any CPU.Build.0 = Release|Any CPU
		{92F37053-FE94-4FA8-BFEC-A6AB3B4F9034}.Debug|Any CPU.ActiveCfg = Debug|Any CPU
		{92F37053-FE94-4FA8-BFEC-A6AB3B4F9034}.Debug|Any CPU.Build.0 = Debug|Any CPU
		{92F37053-FE94-4FA8-BFEC-A6AB3B4F9034}.Release|Any CPU.ActiveCfg = Release|Any CPU
		{92F37053-FE94-4FA8-BFEC-A6AB3B4F9034}.Release|Any CPU.Build.0 = Release|Any CPU
		{CE2B7FA6-83F0-43A3-A0F0-BD52B5E990AC}.Debug|Any CPU.ActiveCfg = Debug|Any CPU
		{CE2B7FA6-83F0-43A3-A0F0-BD52B5E990AC}.Debug|Any CPU.Build.0 = Debug|Any CPU
		{CE2B7FA6-83F0-43A3-A0F0-BD52B5E990AC}.Release|Any CPU.ActiveCfg = Release|Any CPU
		{CE2B7FA6-83F0-43A3-A0F0-BD52B5E990AC}.Release|Any CPU.Build.0 = Release|Any CPU
		{B986FDC3-0BF4-4425-BAA0-F0A04CD37412}.Debug|Any CPU.ActiveCfg = Debug|Any CPU
		{B986FDC3-0BF4-4425-BAA0-F0A04CD37412}.Debug|Any CPU.Build.0 = Debug|Any CPU
		{B986FDC3-0BF4-4425-BAA0-F0A04CD37412}.Release|Any CPU.ActiveCfg = Release|Any CPU
		{B986FDC3-0BF4-4425-BAA0-F0A04CD37412}.Release|Any CPU.Build.0 = Release|Any CPU
		{5273753F-DF1C-4086-8D78-188D236A9F10}.Debug|Any CPU.ActiveCfg = Debug|Any CPU
		{5273753F-DF1C-4086-8D78-188D236A9F10}.Debug|Any CPU.Build.0 = Debug|Any CPU
		{5273753F-DF1C-4086-8D78-188D236A9F10}.Release|Any CPU.ActiveCfg = Release|Any CPU
		{5273753F-DF1C-4086-8D78-188D236A9F10}.Release|Any CPU.Build.0 = Release|Any CPU
		{7A4FF440-FBF1-4536-802F-A4422F3A0336}.Debug|Any CPU.ActiveCfg = Debug|Any CPU
		{7A4FF440-FBF1-4536-802F-A4422F3A0336}.Debug|Any CPU.Build.0 = Debug|Any CPU
		{7A4FF440-FBF1-4536-802F-A4422F3A0336}.Release|Any CPU.ActiveCfg = Release|Any CPU
		{7A4FF440-FBF1-4536-802F-A4422F3A0336}.Release|Any CPU.Build.0 = Release|Any CPU
	EndGlobalSection
	GlobalSection(SolutionProperties) = preSolution
		HideSolutionNode = FALSE
	EndGlobalSection
	GlobalSection(NestedProjects) = preSolution
		{92F37053-FE94-4FA8-BFEC-A6AB3B4F9034} = {81314912-07BA-415D-936A-971CEDCA9697}
		{B986FDC3-0BF4-4425-BAA0-F0A04CD37412} = {81314912-07BA-415D-936A-971CEDCA9697}
		{5273753F-DF1C-4086-8D78-188D236A9F10} = {81314912-07BA-415D-936A-971CEDCA9697}
		{7A4FF440-FBF1-4536-802F-A4422F3A0336} = {81314912-07BA-415D-936A-971CEDCA9697}
	EndGlobalSection
	GlobalSection(ExtensibilityGlobals) = postSolution
		SolutionGuid = {D4BEFDB5-C1BB-4F88-ADB7-E14C2B64F4FB}
	EndGlobalSection
EndGlobal
